
Microsoft Visual Studio Solution File, Format Version 12.00
# Visual Studio 15
VisualStudioVersion = 15.0.28307.539
MinimumVisualStudioVersion = 10.0.40219.1
Project("{FAE04EC0-301F-11D3-BF4B-00C04F79EFBC}") = "EFCodeFirst_Entegrasyonu", "EFCodeFirst_Entegrasyonu\EFCodeFirst_Entegrasyonu.csproj", "{6588BF90-87E5-42FF-B2FF-D19BE7ED2DC9}"
EndProject
Global
	GlobalSection(SolutionConfigurationPlatforms) = preSolution
		Debug|Any CPU = Debug|Any CPU
		Release|Any CPU = Release|Any CPU
	EndGlobalSection
	GlobalSection(ProjectConfigurationPlatforms) = postSolution
		{6588BF90-87E5-42FF-B2FF-D19BE7ED2DC9}.Debug|Any CPU.ActiveCfg = Debug|Any CPU
		{6588BF90-87E5-42FF-B2FF-D19BE7ED2DC9}.Debug|Any CPU.Build.0 = Debug|Any CPU
		{6588BF90-87E5-42FF-B2FF-D19BE7ED2DC9}.Release|Any CPU.ActiveCfg = Release|Any CPU
		{6588BF90-87E5-42FF-B2FF-D19BE7ED2DC9}.Release|Any CPU.Build.0 = Release|Any CPU
	EndGlobalSection
	GlobalSection(SolutionProperties) = preSolution
		HideSolutionNode = FALSE
	EndGlobalSection
	GlobalSection(ExtensibilityGlobals) = postSolution
		SolutionGuid = {5F3240DD-4635-4221-93F0-12E877E0F991}
	EndGlobalSection
EndGlobal
